
Microsoft Visual Studio Solution File, Format Version 12.00
# Visual Studio Version 17
VisualStudioVersion = 17.13.35931.197 d17.13
MinimumVisualStudioVersion = 10.0.40219.1
Project("{FAE04EC0-301F-11D3-BF4B-00C04F79EFBC}") = "WeatherForecastAPI", "WeatherForecastAPI\WeatherForecastAPI.csproj", "{18EFB36A-75D1-4188-B3E6-E89FA0D320DA}"
EndProject
Global
	GlobalSection(SolutionConfigurationPlatforms) = preSolution
		Debug|Any CPU = Debug|Any CPU
		Release|Any CPU = Release|Any CPU
	EndGlobalSection
	GlobalSection(ProjectConfigurationPlatforms) = postSolution
		{18EFB36A-75D1-4188-B3E6-E89FA0D320DA}.Debug|Any CPU.ActiveCfg = Debug|Any CPU
		{18EFB36A-75D1-4188-B3E6-E89FA0D320DA}.Debug|Any CPU.Build.0 = Debug|Any CPU
		{18EFB36A-75D1-4188-B3E6-E89FA0D320DA}.Release|Any CPU.ActiveCfg = Release|Any CPU
		{18EFB36A-75D1-4188-B3E6-E89FA0D320DA}.Release|Any CPU.Build.0 = Release|Any CPU
	EndGlobalSection
	GlobalSection(SolutionProperties) = preSolution
		HideSolutionNode = FALSE
	EndGlobalSection
	GlobalSection(ExtensibilityGlobals) = postSolution
		SolutionGuid = {F879EF5A-31E9-48CF-B8AD-5FA9B2979257}
	EndGlobalSection
EndGlobal
